# THIS IS AN AUTOGENERATED FILE. DO NOT EDIT THIS FILE DIRECTLY.
# yarn lockfile v1


esbuild-android-arm64@0.14.15:
  version "0.14.15"
  resolved "https://registry.yarnpkg.com/esbuild-android-arm64/-/esbuild-android-arm64-0.14.15.tgz#c0a0c1df4a138d049107a08ce406d2b7294beb34"
  integrity sha512-MXfSrLpK32SqJXGvNOQmUbs06K+kFtZg8uNBcxrsvxDjjI42EXerq+QGdD3zQO1RzbqU1W7c15qAoeQOzwKJxA==

esbuild-darwin-64@0.14.15:
  version "0.14.15"
  resolved "https://registry.yarnpkg.com/esbuild-darwin-64/-/esbuild-darwin-64-0.14.15.tgz#3d87885ba718a2695d3d1e2308e8cb05281ee6ca"
  integrity sha512-leGh21rMfhZq0Rq5Y5xwuhFW6cJ5lxIkTfHSBWtXjicwD5bHACRonaKqcSQRQtUnjfd6mQUdNPH47DOg6ACHLA==

esbuild-darwin-arm64@0.14.15:
  version "0.14.15"
  resolved "https://registry.yarnpkg.com/esbuild-darwin-arm64/-/esbuild-darwin-arm64-0.14.15.tgz#93270f30066bbc2f5b270300c5c2953961343b06"
  integrity sha512-W0e16PACxu/iYpRtSq8fijelsZhKy99uDZEBwtoqEpLF2KZD5/Sz9IfwaVDqm/Q3yEqrf30TGbIJoMc9KNakuQ==

esbuild-freebsd-64@0.14.15:
  version "0.14.15"
  resolved "https://registry.yarnpkg.com/esbuild-freebsd-64/-/esbuild-freebsd-64-0.14.15.tgz#907ae998bcc735684dcc4be96837e72d788f510b"
  integrity sha512-heArH9Z0j9WUJd5zLMSnEZ5eJv0iyJpHNOfDqJyFWMic1UNiD5Akpwfhs+4/zNNf8zKjovmBMQyfbd4i2UyrtA==

esbuild-freebsd-arm64@0.14.15:
  version "0.14.15"
  resolved "https://registry.yarnpkg.com/esbuild-freebsd-arm64/-/esbuild-freebsd-arm64-0.14.15.tgz#766176344003d503bf439950f7f863c69d574420"
  integrity sha512-B9ZR1WXCTSKef9br2SeyKkFqd0xCkOu/alJxdiXs7QnYqydvYmr8LHAW/kq9fufCU3XUzKNr6kKMg4a61yxZsg==

esbuild-linux-32@0.14.15:
  version "0.14.15"
  resolved "https://registry.yarnpkg.com/esbuild-linux-32/-/esbuild-linux-32-0.14.15.tgz#00f1a07c3ce853d29a89e6b4e717b4f18f5e2295"
  integrity sha512-vmClHfPbQCt+E388OTp1b8mo6SnU63ARwlCise/IZZ5XzbAP9Oi3SCCDpZTpLJl0df0bu5xcagZo8fJt1O/3lg==

esbuild-linux-64@0.14.15:
  version "0.14.15"
  resolved "https://registry.yarnpkg.com/esbuild-linux-64/-/esbuild-linux-64-0.14.15.tgz#0dd7099b40b88be871e208e678b5fbe45beb4361"
  integrity sha512-iQLc0KVOYZD7NL5UWrox6hhlE4Jr4mF2xi2EaBR/ntR1T9PUvUrz7hdKiWos8Wtv5Ma05tt+HBRKOmseSTc5Gg==

esbuild-linux-arm64@0.14.15:
  version "0.14.15"
  resolved "https://registry.yarnpkg.com/esbuild-linux-arm64/-/esbuild-linux-arm64-0.14.15.tgz#5cc8e8d28f6d3acd3c10b0980cabf27984e75fb4"
  integrity sha512-OCqCON/ZQBGa0dfqNJ86fSa6zTO0MOR7lT+UGoKShx6G74WuEuTA2HrlOShcCSHr8Ttzc0AoGJJHhZ9ZRNWsPQ==

esbuild-linux-arm@0.14.15:
  version "0.14.15"
  resolved "https://registry.yarnpkg.com/esbuild-linux-arm/-/esbuild-linux-arm-0.14.15.tgz#8cb316ca6db4112305920900ad224cec13b373a2"
  integrity sha512-rMzfdyZTsg27GbWSc2v/z1OVjrPsWAr8zOPkk/6SX4qrChzd3jxw19gLKm/SMfy5lZfkOFfqJhAuInRg+6/KJg==

esbuild-linux-mips64le@0.14.15:
  version "0.14.15"
  resolved "https://registry.yarnpkg.com/esbuild-linux-mips64le/-/esbuild-linux-mips64le-0.14.15.tgz#4c81b2ef5ede2932b66fc18150ab2cef529cf564"
  integrity sha512-ODngnCio7L5pW9hYRdX3fZRw8HrlBm+MDU7hCgZK8kvZz35ba3mt4brKtCDwD98UFP89JYSSNQIsP2xLH/M/Sg==

esbuild-linux-ppc64le@0.14.15:
  version "0.14.15"
  resolved "https://registry.yarnpkg.com/esbuild-linux-ppc64le/-/esbuild-linux-ppc64le-0.14.15.tgz#bf9ec85878ced0dce064cf7c74c9ab3ebbf2511c"
  integrity sha512-9ubsGxM0qNWNVds5qCEWBRuxNeDFDJeTylsZsIo30pMy8rdgR5awNmHJalBg9qIS8nsPmFkTRqAo1hZlOIpZGQ==

esbuild-linux-s390x@0.14.15:
  version "0.14.15"
  resolved "https://registry.yarnpkg.com/esbuild-linux-s390x/-/esbuild-linux-s390x-0.14.15.tgz#5ed46af857676598688f7f23158aa643e94d9275"
  integrity sha512-F92Ca0EqpidlnobeTyCIWtgKangl7TQRByTeQMwraQUUPpwuSS0qN2APQAgwabhtF7ANxVY7UGlUIqNVApVz7Q==

esbuild-netbsd-64@0.14.15:
  version "0.14.15"
  resolved "https://registry.yarnpkg.com/esbuild-netbsd-64/-/esbuild-netbsd-64-0.14.15.tgz#5276d70aaae2fa67d10a5b5aa8603c9d7fb75ab8"
  integrity sha512-jk+lgFOQL0ja1zrygM0r7oQQMKj5TTvALI30qk7yAxodcT9fNebschedJfAha6Up5sdGEe/32Gu4yb4xagmEJA==

esbuild-openbsd-64@0.14.15:
  version "0.14.15"
  resolved "https://registry.yarnpkg.com/esbuild-openbsd-64/-/esbuild-openbsd-64-0.14.15.tgz#945db6fd750327d99a528b3e137d1e565e8c0b94"
  integrity sha512-jXMvH4UMZkFfzioifOxiSC/7PuxyJD3EXrWIhqsHsmjuCs5hreuo9aA3oIlIjk5D9AqHsXS50JrUGG1VAz4mPw==

esbuild-sunos-64@0.14.15:
  version "0.14.15"
  resolved "https://registry.yarnpkg.com/esbuild-sunos-64/-/esbuild-sunos-64-0.14.15.tgz#db6aa7772770003020782033a8cb4a796d20cf4a"
  integrity sha512-J8JsJ/Kg9U3hnKdAmRkDVVR215kYuNWlINgYeCSqNayqRi6+lc41DHxsoV2k048YYLHIn9mTWH0xS3BPUJzKXA==

esbuild-windows-32@0.14.15:
  version "0.14.15"
  resolved "https://registry.yarnpkg.com/esbuild-windows-32/-/esbuild-windows-32-0.14.15.tgz#a1f1d48aeb61a29e2e1df370ba5c4ca000ed5ed4"
  integrity sha512-S6tkET6DXg8mM+2yYutC1JQeS4EtztU6GTE0ff9tHoZekdc91n2LUChmZvHbTI0MZDBy+hYgc9f7pVbVqbEL0g==

esbuild-windows-64@0.14.15:
  version "0.14.15"
  resolved "https://registry.yarnpkg.com/esbuild-windows-64/-/esbuild-windows-64-0.14.15.tgz#35224901dfac47d37a1d3a680bbfc1aa17661c76"
  integrity sha512-xi5SfDNKXL6D98vEnCa0Wq35ULPTkypHOGzBwsSBhmv1+k3YeuwXNxyJLumElibfTZGVSEmH+hhCjCEPbeJgrg==

esbuild-windows-arm64@0.14.15:
  version "0.14.15"
  resolved "https://registry.yarnpkg.com/esbuild-windows-arm64/-/esbuild-windows-arm64-0.14.15.tgz#8c5dd585906b8202c007727555cb2642a87f331a"
  integrity sha512-ylLqTXQoj87OMejTajYOpBXCCxkHo5CpFnDztPZZ34QPGyzUpd4+R4H8hW37GhwywU1Fu5/typBD+AbKe1PwFQ==

esbuild@^0.14.15:
  version "0.14.15"
  resolved "https://registry.yarnpkg.com/esbuild/-/esbuild-0.14.15.tgz#bfed177b6099467cc55fb0f87ef41b3a36f20efa"
  integrity sha512-HfqoMPCSwu/VrHwZFpw7Sb/w9D9mO+cSMfFRKGZKOkme/o5nHdWjF6H5Ss1cOt/JNpqJfGOYbKFbW7jKdEWogw==
  optionalDependencies:
    esbuild-android-arm64 "0.14.15"
    esbuild-darwin-64 "0.14.15"
    esbuild-darwin-arm64 "0.14.15"
    esbuild-freebsd-64 "0.14.15"
    esbuild-freebsd-arm64 "0.14.15"
    esbuild-linux-32 "0.14.15"
    esbuild-linux-64 "0.14.15"
    esbuild-linux-arm "0.14.15"
    esbuild-linux-arm64 "0.14.15"
    esbuild-linux-mips64le "0.14.15"
    esbuild-linux-ppc64le "0.14.15"
    esbuild-linux-s390x "0.14.15"
    esbuild-netbsd-64 "0.14.15"
    esbuild-openbsd-64 "0.14.15"
    esbuild-sunos-64 "0.14.15"
    esbuild-windows-32 "0.14.15"
    esbuild-windows-64 "0.14.15"
    esbuild-windows-arm64 "0.14.15"

typescript@^4.5.5:
  version "4.5.5"
  resolved "https://registry.yarnpkg.com/typescript/-/typescript-4.5.5.tgz#d8c953832d28924a9e3d37c73d729c846c5896f3"
  integrity sha512-TCTIul70LyWe6IJWT8QSYeA54WQe8EjQFU4wY52Fasj5UKx88LNYKCgBEHcOMOrFF1rKGbD8v/xcNWVUq9SymA==
